
Microsoft Visual Studio Solution File, Format Version 12.00
# Visual Studio 2013
VisualStudioVersion = 12.0.30723.0
MinimumVisualStudioVersion = 10.0.40219.1
Project("{FAE04EC0-301F-11D3-BF4B-00C04F79EFBC}") = "otRulez", "otRulez.csproj", "{9178CCED-EA77-491D-ABEA-ECF6B692B0E3}"
EndProject
Project("{FAE04EC0-301F-11D3-BF4B-00C04F79EFBC}") = "otIOCSV", "..\otIOCSV\otIOCSV.csproj", "{4208B73C-AC5F-489F-ABE2-E92A1B3DC871}"
EndProject
Global
	GlobalSection(SolutionConfigurationPlatforms) = preSolution
		Debug|Any CPU = Debug|Any CPU
		Release|Any CPU = Release|Any CPU
	EndGlobalSection
	GlobalSection(ProjectConfigurationPlatforms) = postSolution
		{9178CCED-EA77-491D-ABEA-ECF6B692B0E3}.Debug|Any CPU.ActiveCfg = Debug|Any CPU
		{9178CCED-EA77-491D-ABEA-ECF6B692B0E3}.Debug|Any CPU.Build.0 = Debug|Any CPU
		{9178CCED-EA77-491D-ABEA-ECF6B692B0E3}.Release|Any CPU.ActiveCfg = Release|Any CPU
		{9178CCED-EA77-491D-ABEA-ECF6B692B0E3}.Release|Any CPU.Build.0 = Release|Any CPU
		{4208B73C-AC5F-489F-ABE2-E92A1B3DC871}.Debug|Any CPU.ActiveCfg = Debug|Any CPU
		{4208B73C-AC5F-489F-ABE2-E92A1B3DC871}.Debug|Any CPU.Build.0 = Debug|Any CPU
		{4208B73C-AC5F-489F-ABE2-E92A1B3DC871}.Release|Any CPU.ActiveCfg = Release|Any CPU
		{4208B73C-AC5F-489F-ABE2-E92A1B3DC871}.Release|Any CPU.Build.0 = Release|Any CPU
	EndGlobalSection
	GlobalSection(SolutionProperties) = preSolution
		HideSolutionNode = FALSE
	EndGlobalSection
EndGlobal
