Microsoft Visual Studio Solution File, Format Version 12.00
# Visual Studio 2013
VisualStudioVersion = 12.0.21005.1
MinimumVisualStudioVersion = 10.0.40219.1
Project("{F184B08F-C81C-45F6-A57F-5ABD9991F28F}") = "OnTrack4XLS", "OnTrack4XLS\OnTrack4XLS.vbproj", "{7389B3B2-F8FF-4A94-8F50-0DAA8CF26623}"
	ProjectSection(ProjectDependencies) = postProject
		{E5C80542-6D68-4520-8C16-BB033AF5C470} = {E5C80542-6D68-4520-8C16-BB033AF5C470}
		{E3B83D68-C90C-4874-8E5F-DEC8D038BC7C} = {E3B83D68-C90C-4874-8E5F-DEC8D038BC7C}
		{1D7701A8-4D3F-4FCB-875E-9FEAAEB05732} = {1D7701A8-4D3F-4FCB-875E-9FEAAEB05732}
	EndProjectSection
EndProject
Project("{F184B08F-C81C-45F6-A57F-5ABD9991F28F}") = "otdbBackEnd", "otdbbackend\otdbBackEnd\otdbBackEnd.vbproj", "{1D7701A8-4D3F-4FCB-875E-9FEAAEB05732}"
EndProject
Project("{F184B08F-C81C-45F6-A57F-5ABD9991F28F}") = "otAddInCommon", "otdbAddin\otdbAddIn\otAddInCommon.vbproj", "{E5C80542-6D68-4520-8C16-BB033AF5C470}"
EndProject
Project("{FAE04EC0-301F-11D3-BF4B-00C04F79EFBC}") = "LumenWorks.Framework.IO", "otdbbackend\FastCSV\LumenWorks.Framework.IO.csproj", "{E3B83D68-C90C-4874-8E5F-DEC8D038BC7C}"
EndProject
Global
	GlobalSection(SolutionConfigurationPlatforms) = preSolution
		Debug|Any CPU = Debug|Any CPU
		Release|Any CPU = Release|Any CPU
	EndGlobalSection
	GlobalSection(ProjectConfigurationPlatforms) = postSolution
		{7389B3B2-F8FF-4A94-8F50-0DAA8CF26623}.Debug|Any CPU.ActiveCfg = Debug|Any CPU
		{7389B3B2-F8FF-4A94-8F50-0DAA8CF26623}.Debug|Any CPU.Build.0 = Debug|Any CPU
		{7389B3B2-F8FF-4A94-8F50-0DAA8CF26623}.Release|Any CPU.ActiveCfg = Release|Any CPU
		{7389B3B2-F8FF-4A94-8F50-0DAA8CF26623}.Release|Any CPU.Build.0 = Release|Any CPU
		{1D7701A8-4D3F-4FCB-875E-9FEAAEB05732}.Debug|Any CPU.ActiveCfg = Debug|Any CPU
		{1D7701A8-4D3F-4FCB-875E-9FEAAEB05732}.Debug|Any CPU.Build.0 = Debug|Any CPU
		{1D7701A8-4D3F-4FCB-875E-9FEAAEB05732}.Release|Any CPU.ActiveCfg = Release|Any CPU
		{1D7701A8-4D3F-4FCB-875E-9FEAAEB05732}.Release|Any CPU.Build.0 = Release|Any CPU
		{1D7701A8-4D3F-4FCB-875E-9FEAAEB05732}.Release|Any CPU.Deploy.0 = Release|Any CPU
		{E5C80542-6D68-4520-8C16-BB033AF5C470}.Debug|Any CPU.ActiveCfg = Debug|Any CPU
		{E5C80542-6D68-4520-8C16-BB033AF5C470}.Debug|Any CPU.Build.0 = Debug|Any CPU
		{E5C80542-6D68-4520-8C16-BB033AF5C470}.Release|Any CPU.ActiveCfg = Release|Any CPU
		{E5C80542-6D68-4520-8C16-BB033AF5C470}.Release|Any CPU.Build.0 = Release|Any CPU
		{E5C80542-6D68-4520-8C16-BB033AF5C470}.Release|Any CPU.Deploy.0 = Release|Any CPU
		{E3B83D68-C90C-4874-8E5F-DEC8D038BC7C}.Debug|Any CPU.ActiveCfg = Debug|Any CPU
		{E3B83D68-C90C-4874-8E5F-DEC8D038BC7C}.Debug|Any CPU.Build.0 = Debug|Any CPU
		{E3B83D68-C90C-4874-8E5F-DEC8D038BC7C}.Release|Any CPU.ActiveCfg = Release|Any CPU
		{E3B83D68-C90C-4874-8E5F-DEC8D038BC7C}.Release|Any CPU.Build.0 = Release|Any CPU
	EndGlobalSection
	GlobalSection(SolutionProperties) = preSolution
		HideSolutionNode = FALSE
	EndGlobalSection
EndGlobal
